// !$*UTF8*$!
{
	archiveVersion = 1;
	classes = {
	};
	objectVersion = 51;
	objects = {

/* Begin PBXBuildFile section */
		BD75ABD82301B5F600E0FC7A /* NoticePopUp.swift in Sources */ = {isa = PBXBuildFile; fileRef = BD75ABD72301B5F600E0FC7A /* NoticePopUp.swift */; };
		BD75ABDA2301B73400E0FC7A /* NoticePopUpDelegate.swift in Sources */ = {isa = PBXBuildFile; fileRef = BD75ABD92301B73400E0FC7A /* NoticePopUpDelegate.swift */; };
		BD75ABDC2301B7B500E0FC7A /* NoticePopUp.storyboard in Resources */ = {isa = PBXBuildFile; fileRef = BD75ABDB2301B7B500E0FC7A /* NoticePopUp.storyboard */; };
		BD75ABDE2301BCE600E0FC7A /* MainDataManager.swift in Sources */ = {isa = PBXBuildFile; fileRef = BD75ABDD2301BCE600E0FC7A /* MainDataManager.swift */; };
		BD75ABE02301BE8200E0FC7A /* TutorialResponse.swift in Sources */ = {isa = PBXBuildFile; fileRef = BD75ABDF2301BE8200E0FC7A /* TutorialResponse.swift */; };
		BD9BF17322F9C3D5009E47EB /* BaseViewController.swift in Sources */ = {isa = PBXBuildFile; fileRef = BD9BF17222F9C3D5009E47EB /* BaseViewController.swift */; };
		BD9BF17522F9C494009E47EB /* CusomIndicatorView.swift in Sources */ = {isa = PBXBuildFile; fileRef = BD9BF17422F9C494009E47EB /* CusomIndicatorView.swift */; };
		BD9BF17822F9C6CF009E47EB /* UIColor.swift in Sources */ = {isa = PBXBuildFile; fileRef = BD9BF17722F9C6CF009E47EB /* UIColor.swift */; };
		BD9BF17A22F9C6FF009E47EB /* UIButton.swift in Sources */ = {isa = PBXBuildFile; fileRef = BD9BF17922F9C6FF009E47EB /* UIButton.swift */; };
		BD9BF17C22F9C737009E47EB /* UIViewController.swift in Sources */ = {isa = PBXBuildFile; fileRef = BD9BF17B22F9C737009E47EB /* UIViewController.swift */; };
		BD9BF17E22F9CD60009E47EB /* ColorPalette.swift in Sources */ = {isa = PBXBuildFile; fileRef = BD9BF17D22F9CD60009E47EB /* ColorPalette.swift */; };
		BD9BF18022F9CDEF009E47EB /* String.swift in Sources */ = {isa = PBXBuildFile; fileRef = BD9BF17F22F9CDEF009E47EB /* String.swift */; };
		BD9BF18322F9D1A4009E47EB /* SplashViewController.swift in Sources */ = {isa = PBXBuildFile; fileRef = BD9BF18122F9D1A4009E47EB /* SplashViewController.swift */; };
		BD9BF18422F9D1A4009E47EB /* SplashViewController.xib in Resources */ = {isa = PBXBuildFile; fileRef = BD9BF18222F9D1A4009E47EB /* SplashViewController.xib */; };
		BD9BF18722F9DCC7009E47EB /* MainViewController.swift in Sources */ = {isa = PBXBuildFile; fileRef = BD9BF18522F9DCC7009E47EB /* MainViewController.swift */; };
		BD9BF18822F9DCC7009E47EB /* MainViewController.xib in Resources */ = {isa = PBXBuildFile; fileRef = BD9BF18622F9DCC7009E47EB /* MainViewController.xib */; };
		BDEF322F22F9B7CB00FEF8BD /* AppDelegate.swift in Sources */ = {isa = PBXBuildFile; fileRef = BDEF322E22F9B7CB00FEF8BD /* AppDelegate.swift */; };
		BDEF323722F9B7CB00FEF8BD /* ios.xcdatamodeld in Sources */ = {isa = PBXBuildFile; fileRef = BDEF323522F9B7CB00FEF8BD /* ios.xcdatamodeld */; };
		BDEF323922F9B7CB00FEF8BD /* Assets.xcassets in Resources */ = {isa = PBXBuildFile; fileRef = BDEF323822F9B7CB00FEF8BD /* Assets.xcassets */; };
		BDEF323C22F9B7CB00FEF8BD /* LaunchScreen.storyboard in Resources */ = {isa = PBXBuildFile; fileRef = BDEF323A22F9B7CB00FEF8BD /* LaunchScreen.storyboard */; };
		C12E0064245416D000EE949F /* FourthMainViewController.swift in Sources */ = {isa = PBXBuildFile; fileRef = C12E0062245416D000EE949F /* FourthMainViewController.swift */; };
		C12E0065245416D000EE949F /* FourthMainViewController.xib in Resources */ = {isa = PBXBuildFile; fileRef = C12E0063245416D000EE949F /* FourthMainViewController.xib */; };
		C12E006E24542C7A00EE949F /* customTabBarCollectionViewCell.swift in Sources */ = {isa = PBXBuildFile; fileRef = C12E006C24542C7A00EE949F /* customTabBarCollectionViewCell.swift */; };
		C12E006F24542C7A00EE949F /* customTabBarCollectionViewCell.xib in Resources */ = {isa = PBXBuildFile; fileRef = C12E006D24542C7A00EE949F /* customTabBarCollectionViewCell.xib */; };
		C16600ED24594B3C00E3800D /* MainTabViewController.swift in Sources */ = {isa = PBXBuildFile; fileRef = C16600EC24594B3C00E3800D /* MainTabViewController.swift */; };
		C16600F024594BBB00E3800D /* FindingGoodRestaurantViewController.swift in Sources */ = {isa = PBXBuildFile; fileRef = C16600EE24594BBB00E3800D /* FindingGoodRestaurantViewController.swift */; };
		C16600F124594BBB00E3800D /* FindingGoodRestaurantViewController.xib in Resources */ = {isa = PBXBuildFile; fileRef = C16600EF24594BBB00E3800D /* FindingGoodRestaurantViewController.xib */; };
		C16600F424594BE900E3800D /* MangoPickViewController.swift in Sources */ = {isa = PBXBuildFile; fileRef = C16600F224594BE900E3800D /* MangoPickViewController.swift */; };
		C16600F524594BE900E3800D /* MangoPickViewController.xib in Resources */ = {isa = PBXBuildFile; fileRef = C16600F324594BE900E3800D /* MangoPickViewController.xib */; };
		C16600F824594C1900E3800D /* PlusViewController.swift in Sources */ = {isa = PBXBuildFile; fileRef = C16600F624594C1900E3800D /* PlusViewController.swift */; };
		C16600F924594C1900E3800D /* PlusViewController.xib in Resources */ = {isa = PBXBuildFile; fileRef = C16600F724594C1900E3800D /* PlusViewController.xib */; };
		C16600FC24594C3900E3800D /* NewsViewController.swift in Sources */ = {isa = PBXBuildFile; fileRef = C16600FA24594C3900E3800D /* NewsViewController.swift */; };
		C16600FD24594C3900E3800D /* NewsViewController.xib in Resources */ = {isa = PBXBuildFile; fileRef = C16600FB24594C3900E3800D /* NewsViewController.xib */; };
		C166010024594D9B00E3800D /* MyInfoViewController.swift in Sources */ = {isa = PBXBuildFile; fileRef = C16600FE24594D9B00E3800D /* MyInfoViewController.swift */; };
		C166010124594D9B00E3800D /* MyInfoViewController.xib in Resources */ = {isa = PBXBuildFile; fileRef = C16600FF24594D9B00E3800D /* MyInfoViewController.xib */; };
		C16601042459650200E3800D /* EatDealViewController.swift in Sources */ = {isa = PBXBuildFile; fileRef = C16601022459650200E3800D /* EatDealViewController.swift */; };
		C16601052459650200E3800D /* EatDealViewController.xib in Resources */ = {isa = PBXBuildFile; fileRef = C16601032459650200E3800D /* EatDealViewController.xib */; };
		C16601082459651300E3800D /* TopListViewController.swift in Sources */ = {isa = PBXBuildFile; fileRef = C16601062459651300E3800D /* TopListViewController.swift */; };
		C16601092459651300E3800D /* TopListViewController.xib in Resources */ = {isa = PBXBuildFile; fileRef = C16601072459651300E3800D /* TopListViewController.xib */; };
		C166010C24597F6200E3800D /* EmailLoginViewController.swift in Sources */ = {isa = PBXBuildFile; fileRef = C166010A24597F6200E3800D /* EmailLoginViewController.swift */; };
		C166010D24597F6200E3800D /* EmailLoginViewController.xib in Resources */ = {isa = PBXBuildFile; fileRef = C166010B24597F6200E3800D /* EmailLoginViewController.xib */; };
		C167982F245A5AAD00E7F8F6 /* NewsAllViewController.swift in Sources */ = {isa = PBXBuildFile; fileRef = C167982D245A5AAD00E7F8F6 /* NewsAllViewController.swift */; };
		C1679830245A5AAD00E7F8F6 /* NewsAllViewController.xib in Resources */ = {isa = PBXBuildFile; fileRef = C167982E245A5AAD00E7F8F6 /* NewsAllViewController.xib */; };
		C1679833245A5AC200E7F8F6 /* NewsFollowingViewController.swift in Sources */ = {isa = PBXBuildFile; fileRef = C1679831245A5AC200E7F8F6 /* NewsFollowingViewController.swift */; };
		C1679834245A5AC200E7F8F6 /* NewsFollowingViewController.xib in Resources */ = {isa = PBXBuildFile; fileRef = C1679832245A5AC200E7F8F6 /* NewsFollowingViewController.xib */; };
		C1679838245A822800E7F8F6 /* AlignPopUp.swift in Sources */ = {isa = PBXBuildFile; fileRef = C1679837245A822800E7F8F6 /* AlignPopUp.swift */; };
		C167983A245A823300E7F8F6 /* AlignPopUpDelegate.swift in Sources */ = {isa = PBXBuildFile; fileRef = C1679839245A823300E7F8F6 /* AlignPopUpDelegate.swift */; };
		C167983C245A823E00E7F8F6 /* AlignPopUp.storyboard in Resources */ = {isa = PBXBuildFile; fileRef = C167983B245A823E00E7F8F6 /* AlignPopUp.storyboard */; };
		C167983F245A9C4F00E7F8F6 /* HaveBeenThereViewController.swift in Sources */ = {isa = PBXBuildFile; fileRef = C167983D245A9C4F00E7F8F6 /* HaveBeenThereViewController.swift */; };
		C1679840245A9C4F00E7F8F6 /* HaveBeenThereViewController.xib in Resources */ = {isa = PBXBuildFile; fileRef = C167983E245A9C4F00E7F8F6 /* HaveBeenThereViewController.xib */; };
		C1679843245A9C7100E7F8F6 /* RestaurantRegistrationViewController.swift in Sources */ = {isa = PBXBuildFile; fileRef = C1679841245A9C7100E7F8F6 /* RestaurantRegistrationViewController.swift */; };
		C1679844245A9C7100E7F8F6 /* RestaurantRegistrationViewController.xib in Resources */ = {isa = PBXBuildFile; fileRef = C1679842245A9C7100E7F8F6 /* RestaurantRegistrationViewController.xib */; };
		C1679847245AA6AE00E7F8F6 /* LocationPopUpViewController.swift in Sources */ = {isa = PBXBuildFile; fileRef = C1679845245AA6AE00E7F8F6 /* LocationPopUpViewController.swift */; };
		C1679848245AA6AE00E7F8F6 /* LocationPopUpViewController.xib in Resources */ = {isa = PBXBuildFile; fileRef = C1679846245AA6AE00E7F8F6 /* LocationPopUpViewController.xib */; };
		C167984B245AA79800E7F8F6 /* RecentRegionViewController.swift in Sources */ = {isa = PBXBuildFile; fileRef = C1679849245AA79800E7F8F6 /* RecentRegionViewController.swift */; };
		C167984C245AA79800E7F8F6 /* RecentRegionViewController.xib in Resources */ = {isa = PBXBuildFile; fileRef = C167984A245AA79800E7F8F6 /* RecentRegionViewController.xib */; };
		C167984F245AA7BA00E7F8F6 /* NearViewController.swift in Sources */ = {isa = PBXBuildFile; fileRef = C167984D245AA7BA00E7F8F6 /* NearViewController.swift */; };
		C1679850245AA7BA00E7F8F6 /* NearViewController.xib in Resources */ = {isa = PBXBuildFile; fileRef = C167984E245AA7BA00E7F8F6 /* NearViewController.xib */; };
		C1679853245AA7D800E7F8F6 /* GangNamGuViewController.swift in Sources */ = {isa = PBXBuildFile; fileRef = C1679851245AA7D800E7F8F6 /* GangNamGuViewController.swift */; };
		C1679854245AA7D800E7F8F6 /* GangNamGuViewController.xib in Resources */ = {isa = PBXBuildFile; fileRef = C1679852245AA7D800E7F8F6 /* GangNamGuViewController.xib */; };
		C1679857245AA7EA00E7F8F6 /* GangBukGuViewController.swift in Sources */ = {isa = PBXBuildFile; fileRef = C1679855245AA7EA00E7F8F6 /* GangBukGuViewController.swift */; };
		C1679858245AA7EA00E7F8F6 /* GangBukGuViewController.xib in Resources */ = {isa = PBXBuildFile; fileRef = C1679856245AA7EA00E7F8F6 /* GangBukGuViewController.xib */; };
		C167985C245B026700E7F8F6 /* RadiusPopUp.swift in Sources */ = {isa = PBXBuildFile; fileRef = C167985B245B026700E7F8F6 /* RadiusPopUp.swift */; };
		C167985E245B027D00E7F8F6 /* RadiusPopUpDelegate.swift in Sources */ = {isa = PBXBuildFile; fileRef = C167985D245B027D00E7F8F6 /* RadiusPopUpDelegate.swift */; };
		C1679860245B028E00E7F8F6 /* RadiusPopUp.storyboard in Resources */ = {isa = PBXBuildFile; fileRef = C167985F245B028E00E7F8F6 /* RadiusPopUp.storyboard */; };
		C1679862245B02A200E7F8F6 /* FilterPopUp.swift in Sources */ = {isa = PBXBuildFile; fileRef = C1679861245B02A200E7F8F6 /* FilterPopUp.swift */; };
		C1679864245B02AD00E7F8F6 /* FilterPopUpDelegate.swift in Sources */ = {isa = PBXBuildFile; fileRef = C1679863245B02AD00E7F8F6 /* FilterPopUpDelegate.swift */; };
		C1679866245B02B600E7F8F6 /* FilterPopUp.storyboard in Resources */ = {isa = PBXBuildFile; fileRef = C1679865245B02B600E7F8F6 /* FilterPopUp.storyboard */; };
		C18059D624580AEB005FB4EC /* TestResponse.swift in Sources */ = {isa = PBXBuildFile; fileRef = C18059D524580AEB005FB4EC /* TestResponse.swift */; };
		C18059D824581052005FB4EC /* RestaurantsResponse.swift in Sources */ = {isa = PBXBuildFile; fileRef = C18059D724581052005FB4EC /* RestaurantsResponse.swift */; };
		C1818363245BB02B0049A62D /* FindingGoodRestaurantDataManager.swift in Sources */ = {isa = PBXBuildFile; fileRef = C1818362245BB02B0049A62D /* FindingGoodRestaurantDataManager.swift */; };
		C1818365245BB0CB0049A62D /* LocationResponse.swift in Sources */ = {isa = PBXBuildFile; fileRef = C1818364245BB0CB0049A62D /* LocationResponse.swift */; };
		C1818368245BC0570049A62D /* SearchViewController.swift in Sources */ = {isa = PBXBuildFile; fileRef = C1818366245BC0570049A62D /* SearchViewController.swift */; };
		C1818369245BC0570049A62D /* SearchViewController.xib in Resources */ = {isa = PBXBuildFile; fileRef = C1818367245BC0570049A62D /* SearchViewController.xib */; };
		C181836C245BC0830049A62D /* RecentSearchesViewController.swift in Sources */ = {isa = PBXBuildFile; fileRef = C181836A245BC0830049A62D /* RecentSearchesViewController.swift */; };
		C181836D245BC0830049A62D /* RecentSearchesViewController.xib in Resources */ = {isa = PBXBuildFile; fileRef = C181836B245BC0830049A62D /* RecentSearchesViewController.xib */; };
		C1818370245BC09B0049A62D /* FindingFriendsViewController.swift in Sources */ = {isa = PBXBuildFile; fileRef = C181836E245BC09B0049A62D /* FindingFriendsViewController.swift */; };
		C1818371245BC09B0049A62D /* FindingFriendsViewController.xib in Resources */ = {isa = PBXBuildFile; fileRef = C181836F245BC09B0049A62D /* FindingFriendsViewController.xib */; };
		C1818379245BD6780049A62D /* SignUpByEmailDataManager.swift in Sources */ = {isa = PBXBuildFile; fileRef = C1818378245BD6780049A62D /* SignUpByEmailDataManager.swift */; };
		C181837B245BD6870049A62D /* SignUpByEmailResponse.swift in Sources */ = {isa = PBXBuildFile; fileRef = C181837A245BD6870049A62D /* SignUpByEmailResponse.swift */; };
		C181837D245C19930049A62D /* EmailLoginDataManager.swift in Sources */ = {isa = PBXBuildFile; fileRef = C181837C245C19930049A62D /* EmailLoginDataManager.swift */; };
		C181837F245C19A90049A62D /* EmailLoginResponse.swift in Sources */ = {isa = PBXBuildFile; fileRef = C181837E245C19A90049A62D /* EmailLoginResponse.swift */; };
		C1818381245C62C80049A62D /* LocationPopUp.swift in Sources */ = {isa = PBXBuildFile; fileRef = C1818380245C62C80049A62D /* LocationPopUp.swift */; };
		C1818383245C62DA0049A62D /* LocationPopUpDelegate.swift in Sources */ = {isa = PBXBuildFile; fileRef = C1818382245C62DA0049A62D /* LocationPopUpDelegate.swift */; };
		C1818385245C62E30049A62D /* LocationPopUp.storyboard in Resources */ = {isa = PBXBuildFile; fileRef = C1818384245C62E30049A62D /* LocationPopUp.storyboard */; };
		C185CAAE2458682A00DBB6C3 /* fivew.swift in Sources */ = {isa = PBXBuildFile; fileRef = C185CAAC2458682A00DBB6C3 /* fivew.swift */; };
		C185CAAF2458682A00DBB6C3 /* five.xib in Resources */ = {isa = PBXBuildFile; fileRef = C185CAAD2458682A00DBB6C3 /* five.xib */; };
		C18D8C2A245CF0BD00E495AA /* EventViewController.swift in Sources */ = {isa = PBXBuildFile; fileRef = C18D8C28245CF0BD00E495AA /* EventViewController.swift */; };
		C18D8C2B245CF0BD00E495AA /* EventViewController.xib in Resources */ = {isa = PBXBuildFile; fileRef = C18D8C29245CF0BD00E495AA /* EventViewController.xib */; };
		C18D8C2E245CFADF00E495AA /* FirstEventViewController.swift in Sources */ = {isa = PBXBuildFile; fileRef = C18D8C2C245CFADF00E495AA /* FirstEventViewController.swift */; };
		C18D8C2F245CFADF00E495AA /* FirstEventViewController.xib in Resources */ = {isa = PBXBuildFile; fileRef = C18D8C2D245CFADF00E495AA /* FirstEventViewController.xib */; };
		C18D8C32245CFAF300E495AA /* SecondEventViewController.swift in Sources */ = {isa = PBXBuildFile; fileRef = C18D8C30245CFAF300E495AA /* SecondEventViewController.swift */; };
		C18D8C33245CFAF300E495AA /* SecondEventViewController.xib in Resources */ = {isa = PBXBuildFile; fileRef = C18D8C31245CFAF300E495AA /* SecondEventViewController.xib */; };
		C18D8C36245CFB0500E495AA /* ThirdEventViewController.swift in Sources */ = {isa = PBXBuildFile; fileRef = C18D8C34245CFB0500E495AA /* ThirdEventViewController.swift */; };
		C18D8C37245CFB0500E495AA /* ThirdEventViewController.xib in Resources */ = {isa = PBXBuildFile; fileRef = C18D8C35245CFB0500E495AA /* ThirdEventViewController.xib */; };
		C18D8C3A245CFB1700E495AA /* FourthEventViewController.swift in Sources */ = {isa = PBXBuildFile; fileRef = C18D8C38245CFB1700E495AA /* FourthEventViewController.swift */; };
		C18D8C3B245CFB1700E495AA /* FourthEventViewController.xib in Resources */ = {isa = PBXBuildFile; fileRef = C18D8C39245CFB1700E495AA /* FourthEventViewController.xib */; };
		C18D8C3E245CFB2800E495AA /* FifthEventViewController.swift in Sources */ = {isa = PBXBuildFile; fileRef = C18D8C3C245CFB2800E495AA /* FifthEventViewController.swift */; };
		C18D8C3F245CFB2800E495AA /* FifthEventViewController.xib in Resources */ = {isa = PBXBuildFile; fileRef = C18D8C3D245CFB2800E495AA /* FifthEventViewController.xib */; };
		C18D8C42245CFB4100E495AA /* SixthEventViewController.swift in Sources */ = {isa = PBXBuildFile; fileRef = C18D8C40245CFB4100E495AA /* SixthEventViewController.swift */; };
		C18D8C43245CFB4100E495AA /* SixthEventViewController.xib in Resources */ = {isa = PBXBuildFile; fileRef = C18D8C41245CFB4100E495AA /* SixthEventViewController.xib */; };
		C18D8C45245D013300E495AA /* EventResponse.swift in Sources */ = {isa = PBXBuildFile; fileRef = C18D8C44245D013300E495AA /* EventResponse.swift */; };
		C18D8C47245D014C00E495AA /* EventDataManager.swift in Sources */ = {isa = PBXBuildFile; fileRef = C18D8C46245D014C00E495AA /* EventDataManager.swift */; };
		C1A1F99C2459D32800C4862E /* LostPasswordViewController.swift in Sources */ = {isa = PBXBuildFile; fileRef = C1A1F99A2459D32800C4862E /* LostPasswordViewController.swift */; };
		C1A1F99D2459D32800C4862E /* LostPasswordViewController.xib in Resources */ = {isa = PBXBuildFile; fileRef = C1A1F99B2459D32800C4862E /* LostPasswordViewController.xib */; };
		C1A1F9A02459D3B200C4862E /* SignUpByEmailViewController.swift in Sources */ = {isa = PBXBuildFile; fileRef = C1A1F99E2459D3B200C4862E /* SignUpByEmailViewController.swift */; };
		C1A1F9A12459D3B200C4862E /* SignUpByEmailViewController.xib in Resources */ = {isa = PBXBuildFile; fileRef = C1A1F99F2459D3B200C4862E /* SignUpByEmailViewController.xib */; };
		C1A3E30F2455290E00740325 /* SecondMainViewController.swift in Sources */ = {isa = PBXBuildFile; fileRef = C1A3E30D2455290E00740325 /* SecondMainViewController.swift */; };
		C1A3E3102455290E00740325 /* SecondMainViewController.xib in Resources */ = {isa = PBXBuildFile; fileRef = C1A3E30E2455290E00740325 /* SecondMainViewController.xib */; };
		C1A3E3132455292000740325 /* ThreeMainViewController.swift in Sources */ = {isa = PBXBuildFile; fileRef = C1A3E3112455292000740325 /* ThreeMainViewController.swift */; };
		C1A3E3142455292000740325 /* ThreeMainViewController.xib in Resources */ = {isa = PBXBuildFile; fileRef = C1A3E3122455292000740325 /* ThreeMainViewController.xib */; };
		C1A3E31A2455AAEB00740325 /* MenuBar.swift in Sources */ = {isa = PBXBuildFile; fileRef = C1A3E3192455AAEB00740325 /* MenuBar.swift */; };
		C1B4A83B2452A8C0005608F9 /* LoginViewController.swift in Sources */ = {isa = PBXBuildFile; fileRef = C1B4A8392452A8C0005608F9 /* LoginViewController.swift */; };
		C1B4A83C2452A8C0005608F9 /* LoginViewController.xib in Resources */ = {isa = PBXBuildFile; fileRef = C1B4A83A2452A8C0005608F9 /* LoginViewController.xib */; };
		C1B4A847245308F8005608F9 /* LocationAgreeViewController.swift in Sources */ = {isa = PBXBuildFile; fileRef = C1B4A845245308F8005608F9 /* LocationAgreeViewController.swift */; };
		C1B4A848245308F8005608F9 /* LocationAgreeViewController.xib in Resources */ = {isa = PBXBuildFile; fileRef = C1B4A846245308F8005608F9 /* LocationAgreeViewController.xib */; };
		C1B4A84A24531686005608F9 /* FBSDKCoreKit.framework in Frameworks */ = {isa = PBXBuildFile; fileRef = C1B4A84924531685005608F9 /* FBSDKCoreKit.framework */; };
		C1B4A84C24531691005608F9 /* FBSDKLoginKit.framework in Frameworks */ = {isa = PBXBuildFile; fileRef = C1B4A84B24531691005608F9 /* FBSDKLoginKit.framework */; };
		C1B4A84E245318D8005608F9 /* KakaoOpenSDK.framework in Frameworks */ = {isa = PBXBuildFile; fileRef = C1B4A84D245318D8005608F9 /* KakaoOpenSDK.framework */; };
		C7B0F461A33E2BA70527A7F9 /* Pods_ios.framework in Frameworks */ = {isa = PBXBuildFile; fileRef = 2F13293A0F781AAAF1DC9C8A /* Pods_ios.framework */; };
/* End PBXBuildFile section */

/* Begin PBXCopyFilesBuildPhase section */
		C1B4A8402452C7D4005608F9 /* Embed Frameworks */ = {
			isa = PBXCopyFilesBuildPhase;
			buildActionMask = 2147483647;
			dstPath = "";
			dstSubfolderSpec = 10;
			files = (
			);
			name = "Embed Frameworks";
			runOnlyForDeploymentPostprocessing = 0;
		};
/* End PBXCopyFilesBuildPhase section */

/* Begin PBXFileReference section */
		2F13293A0F781AAAF1DC9C8A /* Pods_ios.framework */ = {isa = PBXFileReference; explicitFileType = wrapper.framework; includeInIndex = 0; path = Pods_ios.framework; sourceTree = BUILT_PRODUCTS_DIR; };
		56DE891A8DE4AEB4ED1D1105 /* Pods-ios.release.xcconfig */ = {isa = PBXFileReference; includeInIndex = 1; lastKnownFileType = text.xcconfig; name = "Pods-ios.release.xcconfig"; path = "Target Support Files/Pods-ios/Pods-ios.release.xcconfig"; sourceTree = "<group>"; };
		BD75ABD72301B5F600E0FC7A /* NoticePopUp.swift */ = {isa = PBXFileReference; lastKnownFileType = sourcecode.swift; path = NoticePopUp.swift; sourceTree = "<group>"; };
		BD75ABD92301B73400E0FC7A /* NoticePopUpDelegate.swift */ = {isa = PBXFileReference; lastKnownFileType = sourcecode.swift; path = NoticePopUpDelegate.swift; sourceTree = "<group>"; };
		BD75ABDB2301B7B500E0FC7A /* NoticePopUp.storyboard */ = {isa = PBXFileReference; lastKnownFileType = file.storyboard; path = NoticePopUp.storyboard; sourceTree = "<group>"; };
		BD75ABDD2301BCE600E0FC7A /* MainDataManager.swift */ = {isa = PBXFileReference; lastKnownFileType = sourcecode.swift; path = MainDataManager.swift; sourceTree = "<group>"; };
		BD75ABDF2301BE8200E0FC7A /* TutorialResponse.swift */ = {isa = PBXFileReference; lastKnownFileType = sourcecode.swift; path = TutorialResponse.swift; sourceTree = "<group>"; };
		BD9BF17222F9C3D5009E47EB /* BaseViewController.swift */ = {isa = PBXFileReference; lastKnownFileType = sourcecode.swift; path = BaseViewController.swift; sourceTree = "<group>"; };
		BD9BF17422F9C494009E47EB /* CusomIndicatorView.swift */ = {isa = PBXFileReference; lastKnownFileType = sourcecode.swift; path = CusomIndicatorView.swift; sourceTree = "<group>"; };
		BD9BF17722F9C6CF009E47EB /* UIColor.swift */ = {isa = PBXFileReference; lastKnownFileType = sourcecode.swift; path = UIColor.swift; sourceTree = "<group>"; };
		BD9BF17922F9C6FF009E47EB /* UIButton.swift */ = {isa = PBXFileReference; lastKnownFileType = sourcecode.swift; path = UIButton.swift; sourceTree = "<group>"; };
		BD9BF17B22F9C737009E47EB /* UIViewController.swift */ = {isa = PBXFileReference; lastKnownFileType = sourcecode.swift; path = UIViewController.swift; sourceTree = "<group>"; };
		BD9BF17D22F9CD60009E47EB /* ColorPalette.swift */ = {isa = PBXFileReference; lastKnownFileType = sourcecode.swift; path = ColorPalette.swift; sourceTree = "<group>"; };
		BD9BF17F22F9CDEF009E47EB /* String.swift */ = {isa = PBXFileReference; lastKnownFileType = sourcecode.swift; path = String.swift; sourceTree = "<group>"; };
		BD9BF18122F9D1A4009E47EB /* SplashViewController.swift */ = {isa = PBXFileReference; lastKnownFileType = sourcecode.swift; path = SplashViewController.swift; sourceTree = "<group>"; };
		BD9BF18222F9D1A4009E47EB /* SplashViewController.xib */ = {isa = PBXFileReference; lastKnownFileType = file.xib; path = SplashViewController.xib; sourceTree = "<group>"; };
		BD9BF18522F9DCC7009E47EB /* MainViewController.swift */ = {isa = PBXFileReference; lastKnownFileType = sourcecode.swift; path = MainViewController.swift; sourceTree = "<group>"; };
		BD9BF18622F9DCC7009E47EB /* MainViewController.xib */ = {isa = PBXFileReference; lastKnownFileType = file.xib; path = MainViewController.xib; sourceTree = "<group>"; };
		BDEF322B22F9B7CB00FEF8BD /* ios.app */ = {isa = PBXFileReference; explicitFileType = wrapper.application; includeInIndex = 0; path = ios.app; sourceTree = BUILT_PRODUCTS_DIR; };
		BDEF322E22F9B7CB00FEF8BD /* AppDelegate.swift */ = {isa = PBXFileReference; lastKnownFileType = sourcecode.swift; path = AppDelegate.swift; sourceTree = "<group>"; };
		BDEF323622F9B7CB00FEF8BD /* ios.xcdatamodel */ = {isa = PBXFileReference; lastKnownFileType = wrapper.xcdatamodel; path = ios.xcdatamodel; sourceTree = "<group>"; };
		BDEF323822F9B7CB00FEF8BD /* Assets.xcassets */ = {isa = PBXFileReference; lastKnownFileType = folder.assetcatalog; path = Assets.xcassets; sourceTree = "<group>"; };
		BDEF323B22F9B7CB00FEF8BD /* Base */ = {isa = PBXFileReference; lastKnownFileType = file.storyboard; name = Base; path = Base.lproj/LaunchScreen.storyboard; sourceTree = "<group>"; };
		BDEF323D22F9B7CB00FEF8BD /* Info.plist */ = {isa = PBXFileReference; lastKnownFileType = text.plist.xml; path = Info.plist; sourceTree = "<group>"; };
		C12E0062245416D000EE949F /* FourthMainViewController.swift */ = {isa = PBXFileReference; lastKnownFileType = sourcecode.swift; path = FourthMainViewController.swift; sourceTree = "<group>"; };
		C12E0063245416D000EE949F /* FourthMainViewController.xib */ = {isa = PBXFileReference; lastKnownFileType = file.xib; path = FourthMainViewController.xib; sourceTree = "<group>"; };
		C12E006C24542C7A00EE949F /* customTabBarCollectionViewCell.swift */ = {isa = PBXFileReference; lastKnownFileType = sourcecode.swift; path = customTabBarCollectionViewCell.swift; sourceTree = "<group>"; };
		C12E006D24542C7A00EE949F /* customTabBarCollectionViewCell.xib */ = {isa = PBXFileReference; lastKnownFileType = file.xib; path = customTabBarCollectionViewCell.xib; sourceTree = "<group>"; };
		C16600EC24594B3C00E3800D /* MainTabViewController.swift */ = {isa = PBXFileReference; lastKnownFileType = sourcecode.swift; path = MainTabViewController.swift; sourceTree = "<group>"; };
		C16600EE24594BBB00E3800D /* FindingGoodRestaurantViewController.swift */ = {isa = PBXFileReference; lastKnownFileType = sourcecode.swift; path = FindingGoodRestaurantViewController.swift; sourceTree = "<group>"; };
		C16600EF24594BBB00E3800D /* FindingGoodRestaurantViewController.xib */ = {isa = PBXFileReference; lastKnownFileType = file.xib; path = FindingGoodRestaurantViewController.xib; sourceTree = "<group>"; };
		C16600F224594BE900E3800D /* MangoPickViewController.swift */ = {isa = PBXFileReference; lastKnownFileType = sourcecode.swift; path = MangoPickViewController.swift; sourceTree = "<group>"; };
		C16600F324594BE900E3800D /* MangoPickViewController.xib */ = {isa = PBXFileReference; lastKnownFileType = file.xib; path = MangoPickViewController.xib; sourceTree = "<group>"; };
		C16600F624594C1900E3800D /* PlusViewController.swift */ = {isa = PBXFileReference; lastKnownFileType = sourcecode.swift; path = PlusViewController.swift; sourceTree = "<group>"; };
		C16600F724594C1900E3800D /* PlusViewController.xib */ = {isa = PBXFileReference; lastKnownFileType = file.xib; path = PlusViewController.xib; sourceTree = "<group>"; };
		C16600FA24594C3900E3800D /* NewsViewController.swift */ = {isa = PBXFileReference; lastKnownFileType = sourcecode.swift; path = NewsViewController.swift; sourceTree = "<group>"; };
		C16600FB24594C3900E3800D /* NewsViewController.xib */ = {isa = PBXFileReference; lastKnownFileType = file.xib; path = NewsViewController.xib; sourceTree = "<group>"; };
		C16600FE24594D9B00E3800D /* MyInfoViewController.swift */ = {isa = PBXFileReference; lastKnownFileType = sourcecode.swift; path = MyInfoViewController.swift; sourceTree = "<group>"; };
		C16600FF24594D9B00E3800D /* MyInfoViewController.xib */ = {isa = PBXFileReference; lastKnownFileType = file.xib; path = MyInfoViewController.xib; sourceTree = "<group>"; };
		C16601022459650200E3800D /* EatDealViewController.swift */ = {isa = PBXFileReference; lastKnownFileType = sourcecode.swift; path = EatDealViewController.swift; sourceTree = "<group>"; };
		C16601032459650200E3800D /* EatDealViewController.xib */ = {isa = PBXFileReference; lastKnownFileType = file.xib; path = EatDealViewController.xib; sourceTree = "<group>"; };
		C16601062459651300E3800D /* TopListViewController.swift */ = {isa = PBXFileReference; lastKnownFileType = sourcecode.swift; path = TopListViewController.swift; sourceTree = "<group>"; };
		C16601072459651300E3800D /* TopListViewController.xib */ = {isa = PBXFileReference; lastKnownFileType = file.xib; path = TopListViewController.xib; sourceTree = "<group>"; };
		C166010A24597F6200E3800D /* EmailLoginViewController.swift */ = {isa = PBXFileReference; lastKnownFileType = sourcecode.swift; path = EmailLoginViewController.swift; sourceTree = "<group>"; };
		C166010B24597F6200E3800D /* EmailLoginViewController.xib */ = {isa = PBXFileReference; lastKnownFileType = file.xib; path = EmailLoginViewController.xib; sourceTree = "<group>"; };
		C167982D245A5AAD00E7F8F6 /* NewsAllViewController.swift */ = {isa = PBXFileReference; lastKnownFileType = sourcecode.swift; path = NewsAllViewController.swift; sourceTree = "<group>"; };
		C167982E245A5AAD00E7F8F6 /* NewsAllViewController.xib */ = {isa = PBXFileReference; lastKnownFileType = file.xib; path = NewsAllViewController.xib; sourceTree = "<group>"; };
		C1679831245A5AC200E7F8F6 /* NewsFollowingViewController.swift */ = {isa = PBXFileReference; lastKnownFileType = sourcecode.swift; path = NewsFollowingViewController.swift; sourceTree = "<group>"; };
		C1679832245A5AC200E7F8F6 /* NewsFollowingViewController.xib */ = {isa = PBXFileReference; lastKnownFileType = file.xib; path = NewsFollowingViewController.xib; sourceTree = "<group>"; };
		C1679837245A822800E7F8F6 /* AlignPopUp.swift */ = {isa = PBXFileReference; lastKnownFileType = sourcecode.swift; path = AlignPopUp.swift; sourceTree = "<group>"; };
		C1679839245A823300E7F8F6 /* AlignPopUpDelegate.swift */ = {isa = PBXFileReference; lastKnownFileType = sourcecode.swift; path = AlignPopUpDelegate.swift; sourceTree = "<group>"; };
		C167983B245A823E00E7F8F6 /* AlignPopUp.storyboard */ = {isa = PBXFileReference; lastKnownFileType = file.storyboard; path = AlignPopUp.storyboard; sourceTree = "<group>"; };
		C167983D245A9C4F00E7F8F6 /* HaveBeenThereViewController.swift */ = {isa = PBXFileReference; lastKnownFileType = sourcecode.swift; path = HaveBeenThereViewController.swift; sourceTree = "<group>"; };
		C167983E245A9C4F00E7F8F6 /* HaveBeenThereViewController.xib */ = {isa = PBXFileReference; lastKnownFileType = file.xib; path = HaveBeenThereViewController.xib; sourceTree = "<group>"; };
		C1679841245A9C7100E7F8F6 /* RestaurantRegistrationViewController.swift */ = {isa = PBXFileReference; lastKnownFileType = sourcecode.swift; path = RestaurantRegistrationViewController.swift; sourceTree = "<group>"; };
		C1679842245A9C7100E7F8F6 /* RestaurantRegistrationViewController.xib */ = {isa = PBXFileReference; lastKnownFileType = file.xib; path = RestaurantRegistrationViewController.xib; sourceTree = "<group>"; };
		C1679845245AA6AE00E7F8F6 /* LocationPopUpViewController.swift */ = {isa = PBXFileReference; lastKnownFileType = sourcecode.swift; path = LocationPopUpViewController.swift; sourceTree = "<group>"; };
		C1679846245AA6AE00E7F8F6 /* LocationPopUpViewController.xib */ = {isa = PBXFileReference; lastKnownFileType = file.xib; path = LocationPopUpViewController.xib; sourceTree = "<group>"; };
		C1679849245AA79800E7F8F6 /* RecentRegionViewController.swift */ = {isa = PBXFileReference; lastKnownFileType = sourcecode.swift; path = RecentRegionViewController.swift; sourceTree = "<group>"; };
		C167984A245AA79800E7F8F6 /* RecentRegionViewController.xib */ = {isa = PBXFileReference; lastKnownFileType = file.xib; path = RecentRegionViewController.xib; sourceTree = "<group>"; };
		C167984D245AA7BA00E7F8F6 /* NearViewController.swift */ = {isa = PBXFileReference; lastKnownFileType = sourcecode.swift; path = NearViewController.swift; sourceTree = "<group>"; };
		C167984E245AA7BA00E7F8F6 /* NearViewController.xib */ = {isa = PBXFileReference; lastKnownFileType = file.xib; path = NearViewController.xib; sourceTree = "<group>"; };
		C1679851245AA7D800E7F8F6 /* GangNamGuViewController.swift */ = {isa = PBXFileReference; lastKnownFileType = sourcecode.swift; path = GangNamGuViewController.swift; sourceTree = "<group>"; };
		C1679852245AA7D800E7F8F6 /* GangNamGuViewController.xib */ = {isa = PBXFileReference; lastKnownFileType = file.xib; path = GangNamGuViewController.xib; sourceTree = "<group>"; };
		C1679855245AA7EA00E7F8F6 /* GangBukGuViewController.swift */ = {isa = PBXFileReference; lastKnownFileType = sourcecode.swift; path = GangBukGuViewController.swift; sourceTree = "<group>"; };
		C1679856245AA7EA00E7F8F6 /* GangBukGuViewController.xib */ = {isa = PBXFileReference; lastKnownFileType = file.xib; path = GangBukGuViewController.xib; sourceTree = "<group>"; };
		C167985B245B026700E7F8F6 /* RadiusPopUp.swift */ = {isa = PBXFileReference; lastKnownFileType = sourcecode.swift; path = RadiusPopUp.swift; sourceTree = "<group>"; };
		C167985D245B027D00E7F8F6 /* RadiusPopUpDelegate.swift */ = {isa = PBXFileReference; lastKnownFileType = sourcecode.swift; path = RadiusPopUpDelegate.swift; sourceTree = "<group>"; };
		C167985F245B028E00E7F8F6 /* RadiusPopUp.storyboard */ = {isa = PBXFileReference; lastKnownFileType = file.storyboard; path = RadiusPopUp.storyboard; sourceTree = "<group>"; };
		C1679861245B02A200E7F8F6 /* FilterPopUp.swift */ = {isa = PBXFileReference; lastKnownFileType = sourcecode.swift; path = FilterPopUp.swift; sourceTree = "<group>"; };
		C1679863245B02AD00E7F8F6 /* FilterPopUpDelegate.swift */ = {isa = PBXFileReference; lastKnownFileType = sourcecode.swift; path = FilterPopUpDelegate.swift; sourceTree = "<group>"; };
		C1679865245B02B600E7F8F6 /* FilterPopUp.storyboard */ = {isa = PBXFileReference; lastKnownFileType = file.storyboard; path = FilterPopUp.storyboard; sourceTree = "<group>"; };
		C18059D524580AEB005FB4EC /* TestResponse.swift */ = {isa = PBXFileReference; lastKnownFileType = sourcecode.swift; path = TestResponse.swift; sourceTree = "<group>"; };
		C18059D724581052005FB4EC /* RestaurantsResponse.swift */ = {isa = PBXFileReference; lastKnownFileType = sourcecode.swift; path = RestaurantsResponse.swift; sourceTree = "<group>"; };
		C1818362245BB02B0049A62D /* FindingGoodRestaurantDataManager.swift */ = {isa = PBXFileReference; lastKnownFileType = sourcecode.swift; path = FindingGoodRestaurantDataManager.swift; sourceTree = "<group>"; };
		C1818364245BB0CB0049A62D /* LocationResponse.swift */ = {isa = PBXFileReference; lastKnownFileType = sourcecode.swift; path = LocationResponse.swift; sourceTree = "<group>"; };
		C1818366245BC0570049A62D /* SearchViewController.swift */ = {isa = PBXFileReference; lastKnownFileType = sourcecode.swift; path = SearchViewController.swift; sourceTree = "<group>"; };
		C1818367245BC0570049A62D /* SearchViewController.xib */ = {isa = PBXFileReference; lastKnownFileType = file.xib; path = SearchViewController.xib; sourceTree = "<group>"; };
		C181836A245BC0830049A62D /* RecentSearchesViewController.swift */ = {isa = PBXFileReference; lastKnownFileType = sourcecode.swift; path = RecentSearchesViewController.swift; sourceTree = "<group>"; };
		C181836B245BC0830049A62D /* RecentSearchesViewController.xib */ = {isa = PBXFileReference; lastKnownFileType = file.xib; path = RecentSearchesViewController.xib; sourceTree = "<group>"; };
		C181836E245BC09B0049A62D /* FindingFriendsViewController.swift */ = {isa = PBXFileReference; lastKnownFileType = sourcecode.swift; path = FindingFriendsViewController.swift; sourceTree = "<group>"; };
		C181836F245BC09B0049A62D /* FindingFriendsViewController.xib */ = {isa = PBXFileReference; lastKnownFileType = file.xib; path = FindingFriendsViewController.xib; sourceTree = "<group>"; };
		C1818378245BD6780049A62D /* SignUpByEmailDataManager.swift */ = {isa = PBXFileReference; lastKnownFileType = sourcecode.swift; path = SignUpByEmailDataManager.swift; sourceTree = "<group>"; };
		C181837A245BD6870049A62D /* SignUpByEmailResponse.swift */ = {isa = PBXFileReference; lastKnownFileType = sourcecode.swift; path = SignUpByEmailResponse.swift; sourceTree = "<group>"; };
		C181837C245C19930049A62D /* EmailLoginDataManager.swift */ = {isa = PBXFileReference; lastKnownFileType = sourcecode.swift; path = EmailLoginDataManager.swift; sourceTree = "<group>"; };
		C181837E245C19A90049A62D /* EmailLoginResponse.swift */ = {isa = PBXFileReference; lastKnownFileType = sourcecode.swift; path = EmailLoginResponse.swift; sourceTree = "<group>"; };
		C1818380245C62C80049A62D /* LocationPopUp.swift */ = {isa = PBXFileReference; lastKnownFileType = sourcecode.swift; path = LocationPopUp.swift; sourceTree = "<group>"; };
		C1818382245C62DA0049A62D /* LocationPopUpDelegate.swift */ = {isa = PBXFileReference; lastKnownFileType = sourcecode.swift; path = LocationPopUpDelegate.swift; sourceTree = "<group>"; };
		C1818384245C62E30049A62D /* LocationPopUp.storyboard */ = {isa = PBXFileReference; lastKnownFileType = file.storyboard; path = LocationPopUp.storyboard; sourceTree = "<group>"; };
		C185CAAC2458682A00DBB6C3 /* fivew.swift */ = {isa = PBXFileReference; lastKnownFileType = sourcecode.swift; path = fivew.swift; sourceTree = "<group>"; };
		C185CAAD2458682A00DBB6C3 /* five.xib */ = {isa = PBXFileReference; lastKnownFileType = file.xib; path = five.xib; sourceTree = "<group>"; };
		C18D8C28245CF0BD00E495AA /* EventViewController.swift */ = {isa = PBXFileReference; lastKnownFileType = sourcecode.swift; path = EventViewController.swift; sourceTree = "<group>"; };
		C18D8C29245CF0BD00E495AA /* EventViewController.xib */ = {isa = PBXFileReference; lastKnownFileType = file.xib; path = EventViewController.xib; sourceTree = "<group>"; };
		C18D8C2C245CFADF00E495AA /* FirstEventViewController.swift */ = {isa = PBXFileReference; lastKnownFileType = sourcecode.swift; path = FirstEventViewController.swift; sourceTree = "<group>"; };
		C18D8C2D245CFADF00E495AA /* FirstEventViewController.xib */ = {isa = PBXFileReference; lastKnownFileType = file.xib; path = FirstEventViewController.xib; sourceTree = "<group>"; };
		C18D8C30245CFAF300E495AA /* SecondEventViewController.swift */ = {isa = PBXFileReference; lastKnownFileType = sourcecode.swift; path = SecondEventViewController.swift; sourceTree = "<group>"; };
		C18D8C31245CFAF300E495AA /* SecondEventViewController.xib */ = {isa = PBXFileReference; lastKnownFileType = file.xib; path = SecondEventViewController.xib; sourceTree = "<group>"; };
		C18D8C34245CFB0500E495AA /* ThirdEventViewController.swift */ = {isa = PBXFileReference; lastKnownFileType = sourcecode.swift; path = ThirdEventViewController.swift; sourceTree = "<group>"; };
		C18D8C35245CFB0500E495AA /* ThirdEventViewController.xib */ = {isa = PBXFileReference; lastKnownFileType = file.xib; path = ThirdEventViewController.xib; sourceTree = "<group>"; };
		C18D8C38245CFB1700E495AA /* FourthEventViewController.swift */ = {isa = PBXFileReference; lastKnownFileType = sourcecode.swift; path = FourthEventViewController.swift; sourceTree = "<group>"; };
		C18D8C39245CFB1700E495AA /* FourthEventViewController.xib */ = {isa = PBXFileReference; lastKnownFileType = file.xib; path = FourthEventViewController.xib; sourceTree = "<group>"; };
		C18D8C3C245CFB2800E495AA /* FifthEventViewController.swift */ = {isa = PBXFileReference; lastKnownFileType = sourcecode.swift; path = FifthEventViewController.swift; sourceTree = "<group>"; };
		C18D8C3D245CFB2800E495AA /* FifthEventViewController.xib */ = {isa = PBXFileReference; lastKnownFileType = file.xib; path = FifthEventViewController.xib; sourceTree = "<group>"; };
		C18D8C40245CFB4100E495AA /* SixthEventViewController.swift */ = {isa = PBXFileReference; lastKnownFileType = sourcecode.swift; path = SixthEventViewController.swift; sourceTree = "<group>"; };
		C18D8C41245CFB4100E495AA /* SixthEventViewController.xib */ = {isa = PBXFileReference; lastKnownFileType = file.xib; path = SixthEventViewController.xib; sourceTree = "<group>"; };
		C18D8C44245D013300E495AA /* EventResponse.swift */ = {isa = PBXFileReference; lastKnownFileType = sourcecode.swift; path = EventResponse.swift; sourceTree = "<group>"; };
		C18D8C46245D014C00E495AA /* EventDataManager.swift */ = {isa = PBXFileReference; lastKnownFileType = sourcecode.swift; path = EventDataManager.swift; sourceTree = "<group>"; };
		C1A1F99A2459D32800C4862E /* LostPasswordViewController.swift */ = {isa = PBXFileReference; lastKnownFileType = sourcecode.swift; path = LostPasswordViewController.swift; sourceTree = "<group>"; };
		C1A1F99B2459D32800C4862E /* LostPasswordViewController.xib */ = {isa = PBXFileReference; lastKnownFileType = file.xib; path = LostPasswordViewController.xib; sourceTree = "<group>"; };
		C1A1F99E2459D3B200C4862E /* SignUpByEmailViewController.swift */ = {isa = PBXFileReference; lastKnownFileType = sourcecode.swift; path = SignUpByEmailViewController.swift; sourceTree = "<group>"; };
		C1A1F99F2459D3B200C4862E /* SignUpByEmailViewController.xib */ = {isa = PBXFileReference; lastKnownFileType = file.xib; path = SignUpByEmailViewController.xib; sourceTree = "<group>"; };
		C1A3E30D2455290E00740325 /* SecondMainViewController.swift */ = {isa = PBXFileReference; lastKnownFileType = sourcecode.swift; path = SecondMainViewController.swift; sourceTree = "<group>"; };
		C1A3E30E2455290E00740325 /* SecondMainViewController.xib */ = {isa = PBXFileReference; lastKnownFileType = file.xib; path = SecondMainViewController.xib; sourceTree = "<group>"; };
		C1A3E3112455292000740325 /* ThreeMainViewController.swift */ = {isa = PBXFileReference; lastKnownFileType = sourcecode.swift; path = ThreeMainViewController.swift; sourceTree = "<group>"; };
		C1A3E3122455292000740325 /* ThreeMainViewController.xib */ = {isa = PBXFileReference; lastKnownFileType = file.xib; path = ThreeMainViewController.xib; sourceTree = "<group>"; };
		C1A3E3192455AAEB00740325 /* MenuBar.swift */ = {isa = PBXFileReference; lastKnownFileType = sourcecode.swift; path = MenuBar.swift; sourceTree = "<group>"; };
		C1B4A8392452A8C0005608F9 /* LoginViewController.swift */ = {isa = PBXFileReference; lastKnownFileType = sourcecode.swift; path = LoginViewController.swift; sourceTree = "<group>"; };
		C1B4A83A2452A8C0005608F9 /* LoginViewController.xib */ = {isa = PBXFileReference; lastKnownFileType = file.xib; path = LoginViewController.xib; sourceTree = "<group>"; };
		C1B4A8412452C85E005608F9 /* KakaoOpenSDK-Bridging-Header.h */ = {isa = PBXFileReference; lastKnownFileType = sourcecode.c.h; path = "KakaoOpenSDK-Bridging-Header.h"; sourceTree = "<group>"; };
		C1B4A845245308F8005608F9 /* LocationAgreeViewController.swift */ = {isa = PBXFileReference; lastKnownFileType = sourcecode.swift; path = LocationAgreeViewController.swift; sourceTree = "<group>"; };
		C1B4A846245308F8005608F9 /* LocationAgreeViewController.xib */ = {isa = PBXFileReference; lastKnownFileType = file.xib; path = LocationAgreeViewController.xib; sourceTree = "<group>"; };
		C1B4A84924531685005608F9 /* FBSDKCoreKit.framework */ = {isa = PBXFileReference; lastKnownFileType = wrapper.framework; path = FBSDKCoreKit.framework; sourceTree = "<group>"; };
		C1B4A84B24531691005608F9 /* FBSDKLoginKit.framework */ = {isa = PBXFileReference; lastKnownFileType = wrapper.framework; path = FBSDKLoginKit.framework; sourceTree = "<group>"; };
		C1B4A84D245318D8005608F9 /* KakaoOpenSDK.framework */ = {isa = PBXFileReference; lastKnownFileType = wrapper.framework; name = KakaoOpenSDK.framework; path = "../../../Downloads/KakaoOpenSDK-1/KakaoOpenSDK.framework"; sourceTree = "<group>"; };
		D52E2D8320870120DBBF4DF3 /* Pods-ios.debug.xcconfig */ = {isa = PBXFileReference; includeInIndex = 1; lastKnownFileType = text.xcconfig; name = "Pods-ios.debug.xcconfig"; path = "Target Support Files/Pods-ios/Pods-ios.debug.xcconfig"; sourceTree = "<group>"; };
/* End PBXFileReference section */

/* Begin PBXFrameworksBuildPhase section */
		BDEF322822F9B7CB00FEF8BD /* Frameworks */ = {
			isa = PBXFrameworksBuildPhase;
			buildActionMask = 2147483647;
			files = (
				C7B0F461A33E2BA70527A7F9 /* Pods_ios.framework in Frameworks */,
				C1B4A84E245318D8005608F9 /* KakaoOpenSDK.framework in Frameworks */,
				C1B4A84A24531686005608F9 /* FBSDKCoreKit.framework in Frameworks */,
				C1B4A84C24531691005608F9 /* FBSDKLoginKit.framework in Frameworks */,
			);
			runOnlyForDeploymentPostprocessing = 0;
		};
/* End PBXFrameworksBuildPhase section */

/* Begin PBXGroup section */
		1E6F8D1136275E5E1F4E8B48 /* Pods */ = {
			isa = PBXGroup;
			children = (
				D52E2D8320870120DBBF4DF3 /* Pods-ios.debug.xcconfig */,
				56DE891A8DE4AEB4ED1D1105 /* Pods-ios.release.xcconfig */,
			);
			path = Pods;
			sourceTree = "<group>";
		};
		596D99A16687EBAF37438401 /* Frameworks */ = {
			isa = PBXGroup;
			children = (
				C1B4A84D245318D8005608F9 /* KakaoOpenSDK.framework */,
				C1B4A84B24531691005608F9 /* FBSDKLoginKit.framework */,
				C1B4A84924531685005608F9 /* FBSDKCoreKit.framework */,
				2F13293A0F781AAAF1DC9C8A /* Pods_ios.framework */,
			);
			name = Frameworks;
			sourceTree = "<group>";
		};
		BD75ABD42301B3FB00E0FC7A /* PopUp */ = {
			isa = PBXGroup;
			children = (
				C1679835245A809D00E7F8F6 /* LocationPopup */,
				C1679836245A80B500E7F8F6 /* AlignPopup */,
				C1679859245AFEA200E7F8F6 /* RadiusPopup */,
				C167985A245B021C00E7F8F6 /* FilterPopup */,
			);
			path = PopUp;
			sourceTree = "<group>";
		};
		BD75ABD52301B40B00E0FC7A /* DataManager */ = {
			isa = PBXGroup;
			children = (
				BD75ABDD2301BCE600E0FC7A /* MainDataManager.swift */,
			);
			path = DataManager;
			sourceTree = "<group>";
		};
		BD75ABD62301B42900E0FC7A /* Entity */ = {
			isa = PBXGroup;
			children = (
				BD75ABDF2301BE8200E0FC7A /* TutorialResponse.swift */,
				C18059D524580AEB005FB4EC /* TestResponse.swift */,
				C18059D724581052005FB4EC /* RestaurantsResponse.swift */,
			);
			path = Entity;
			sourceTree = "<group>";
		};
		BD9BF16F22F9C314009E47EB /* Main */ = {
			isa = PBXGroup;
			children = (
				BD75ABD62301B42900E0FC7A /* Entity */,
				BD75ABD52301B40B00E0FC7A /* DataManager */,
				BD9BF18522F9DCC7009E47EB /* MainViewController.swift */,
				BD9BF18622F9DCC7009E47EB /* MainViewController.xib */,
				C12E006C24542C7A00EE949F /* customTabBarCollectionViewCell.swift */,
				C12E006D24542C7A00EE949F /* customTabBarCollectionViewCell.xib */,
			);
			path = Main;
			sourceTree = "<group>";
		};
		BD9BF17022F9C318009E47EB /* Splash */ = {
			isa = PBXGroup;
			children = (
				BD9BF18122F9D1A4009E47EB /* SplashViewController.swift */,
				BD9BF18222F9D1A4009E47EB /* SplashViewController.xib */,
			);
			path = Splash;
			sourceTree = "<group>";
		};
		BD9BF17122F9C31D009E47EB /* config */ = {
			isa = PBXGroup;
			children = (
				BD9BF17622F9C6BA009E47EB /* extensions */,
				BD9BF17222F9C3D5009E47EB /* BaseViewController.swift */,
				BD9BF17422F9C494009E47EB /* CusomIndicatorView.swift */,
				BD9BF17D22F9CD60009E47EB /* ColorPalette.swift */,
			);
			path = config;
			sourceTree = "<group>";
		};
		BD9BF17622F9C6BA009E47EB /* extensions */ = {
			isa = PBXGroup;
			children = (
				BD9BF17722F9C6CF009E47EB /* UIColor.swift */,
				BD9BF17922F9C6FF009E47EB /* UIButton.swift */,
				BD9BF17B22F9C737009E47EB /* UIViewController.swift */,
				BD9BF17F22F9CDEF009E47EB /* String.swift */,
			);
			path = extensions;
			sourceTree = "<group>";
		};
		BDEF322222F9B7CA00FEF8BD = {
			isa = PBXGroup;
			children = (
				BDEF322D22F9B7CB00FEF8BD /* ios */,
				BDEF322C22F9B7CB00FEF8BD /* Products */,
				1E6F8D1136275E5E1F4E8B48 /* Pods */,
				596D99A16687EBAF37438401 /* Frameworks */,
			);
			sourceTree = "<group>";
		};
		BDEF322C22F9B7CB00FEF8BD /* Products */ = {
			isa = PBXGroup;
			children = (
				BDEF322B22F9B7CB00FEF8BD /* ios.app */,
			);
			name = Products;
			sourceTree = "<group>";
		};
		BDEF322D22F9B7CB00FEF8BD /* ios */ = {
			isa = PBXGroup;
			children = (
				BD9BF17122F9C31D009E47EB /* config */,
				BD9BF17022F9C318009E47EB /* Splash */,
				C1B4A8372452A642005608F9 /* Login */,
				C1B4A84424530845005608F9 /* LocationAgree */,
				C16600EB24594AF800E3800D /* MainTab */,
				BD9BF16F22F9C314009E47EB /* Main */,
				C1A3E30B245527D900740325 /* SecondMain */,
				C1A3E30C245527DC00740325 /* ThreeMain */,
				C12E00612454166700EE949F /* FourthMain */,
				C1A3E30A245527D000740325 /* MyInfo */,
				BDEF322E22F9B7CB00FEF8BD /* AppDelegate.swift */,
				BDEF323822F9B7CB00FEF8BD /* Assets.xcassets */,
				BDEF323A22F9B7CB00FEF8BD /* LaunchScreen.storyboard */,
				BDEF323D22F9B7CB00FEF8BD /* Info.plist */,
				BDEF323522F9B7CB00FEF8BD /* ios.xcdatamodeld */,
			);
			path = ios;
			sourceTree = "<group>";
		};
		C12E00612454166700EE949F /* FourthMain */ = {
			isa = PBXGroup;
			children = (
				C12E0062245416D000EE949F /* FourthMainViewController.swift */,
				C12E0063245416D000EE949F /* FourthMainViewController.xib */,
			);
			path = FourthMain;
			sourceTree = "<group>";
		};
		C16600EB24594AF800E3800D /* MainTab */ = {
			isa = PBXGroup;
			children = (
				C1818360245BAFE90049A62D /* Entity */,
				C1818361245BAFF10049A62D /* DataManager */,
				C16600EC24594B3C00E3800D /* MainTabViewController.swift */,
				C1818372245BC0B50049A62D /* FindingGoodRestaurant */,
				C1818373245BC1170049A62D /* MangoPick */,
				C1818374245BC1440049A62D /* Plus */,
				C1818375245BC1850049A62D /* News */,
				C1818376245BC19C0049A62D /* MyInfo */,
				BD75ABD42301B3FB00E0FC7A /* PopUp */,
			);
			path = MainTab;
			sourceTree = "<group>";
		};
		C1679835245A809D00E7F8F6 /* LocationPopup */ = {
			isa = PBXGroup;
			children = (
				C1679845245AA6AE00E7F8F6 /* LocationPopUpViewController.swift */,
				C1679846245AA6AE00E7F8F6 /* LocationPopUpViewController.xib */,
				C1679849245AA79800E7F8F6 /* RecentRegionViewController.swift */,
				C167984A245AA79800E7F8F6 /* RecentRegionViewController.xib */,
				C167984D245AA7BA00E7F8F6 /* NearViewController.swift */,
				C167984E245AA7BA00E7F8F6 /* NearViewController.xib */,
				C1679851245AA7D800E7F8F6 /* GangNamGuViewController.swift */,
				C1679852245AA7D800E7F8F6 /* GangNamGuViewController.xib */,
				C1679855245AA7EA00E7F8F6 /* GangBukGuViewController.swift */,
				C1679856245AA7EA00E7F8F6 /* GangBukGuViewController.xib */,
				BD75ABD72301B5F600E0FC7A /* NoticePopUp.swift */,
				BD75ABD92301B73400E0FC7A /* NoticePopUpDelegate.swift */,
				BD75ABDB2301B7B500E0FC7A /* NoticePopUp.storyboard */,
				C1818380245C62C80049A62D /* LocationPopUp.swift */,
				C1818382245C62DA0049A62D /* LocationPopUpDelegate.swift */,
				C1818384245C62E30049A62D /* LocationPopUp.storyboard */,
			);
			path = LocationPopup;
			sourceTree = "<group>";
		};
		C1679836245A80B500E7F8F6 /* AlignPopup */ = {
			isa = PBXGroup;
			children = (
				C1679837245A822800E7F8F6 /* AlignPopUp.swift */,
				C1679839245A823300E7F8F6 /* AlignPopUpDelegate.swift */,
				C167983B245A823E00E7F8F6 /* AlignPopUp.storyboard */,
			);
			path = AlignPopup;
			sourceTree = "<group>";
		};
		C1679859245AFEA200E7F8F6 /* RadiusPopup */ = {
			isa = PBXGroup;
			children = (
				C167985B245B026700E7F8F6 /* RadiusPopUp.swift */,
				C167985D245B027D00E7F8F6 /* RadiusPopUpDelegate.swift */,
				C167985F245B028E00E7F8F6 /* RadiusPopUp.storyboard */,
			);
			path = RadiusPopup;
			sourceTree = "<group>";
		};
		C167985A245B021C00E7F8F6 /* FilterPopup */ = {
			isa = PBXGroup;
			children = (
				C1679861245B02A200E7F8F6 /* FilterPopUp.swift */,
				C1679863245B02AD00E7F8F6 /* FilterPopUpDelegate.swift */,
				C1679865245B02B600E7F8F6 /* FilterPopUp.storyboard */,
			);
			path = FilterPopup;
			sourceTree = "<group>";
		};
		C1818360245BAFE90049A62D /* Entity */ = {
			isa = PBXGroup;
			children = (
				C1818364245BB0CB0049A62D /* LocationResponse.swift */,
				C18D8C44245D013300E495AA /* EventResponse.swift */,
			);
			path = Entity;
			sourceTree = "<group>";
		};
		C1818361245BAFF10049A62D /* DataManager */ = {
			isa = PBXGroup;
			children = (
				C1818362245BB02B0049A62D /* FindingGoodRestaurantDataManager.swift */,
				C18D8C46245D014C00E495AA /* EventDataManager.swift */,
			);
			path = DataManager;
			sourceTree = "<group>";
		};
		C1818372245BC0B50049A62D /* FindingGoodRestaurant */ = {
			isa = PBXGroup;
			children = (
				C16600EE24594BBB00E3800D /* FindingGoodRestaurantViewController.swift */,
				C16600EF24594BBB00E3800D /* FindingGoodRestaurantViewController.xib */,
				C1818366245BC0570049A62D /* SearchViewController.swift */,
				C1818367245BC0570049A62D /* SearchViewController.xib */,
				C181836A245BC0830049A62D /* RecentSearchesViewController.swift */,
				C181836B245BC0830049A62D /* RecentSearchesViewController.xib */,
				C181836E245BC09B0049A62D /* FindingFriendsViewController.swift */,
				C181836F245BC09B0049A62D /* FindingFriendsViewController.xib */,
			);
			path = FindingGoodRestaurant;
			sourceTree = "<group>";
		};
		C1818373245BC1170049A62D /* MangoPick */ = {
			isa = PBXGroup;
			children = (
				C16600F224594BE900E3800D /* MangoPickViewController.swift */,
				C16600F324594BE900E3800D /* MangoPickViewController.xib */,
				C16601022459650200E3800D /* EatDealViewController.swift */,
				C16601032459650200E3800D /* EatDealViewController.xib */,
				C16601062459651300E3800D /* TopListViewController.swift */,
				C16601072459651300E3800D /* TopListViewController.xib */,
			);
			path = MangoPick;
			sourceTree = "<group>";
		};
		C1818374245BC1440049A62D /* Plus */ = {
			isa = PBXGroup;
			children = (
				C16600F624594C1900E3800D /* PlusViewController.swift */,
				C16600F724594C1900E3800D /* PlusViewController.xib */,
				C167983D245A9C4F00E7F8F6 /* HaveBeenThereViewController.swift */,
				C167983E245A9C4F00E7F8F6 /* HaveBeenThereViewController.xib */,
				C1679841245A9C7100E7F8F6 /* RestaurantRegistrationViewController.swift */,
				C1679842245A9C7100E7F8F6 /* RestaurantRegistrationViewController.xib */,
			);
			path = Plus;
			sourceTree = "<group>";
		};
		C1818375245BC1850049A62D /* News */ = {
			isa = PBXGroup;
			children = (
				C16600FA24594C3900E3800D /* NewsViewController.swift */,
				C16600FB24594C3900E3800D /* NewsViewController.xib */,
				C167982D245A5AAD00E7F8F6 /* NewsAllViewController.swift */,
				C167982E245A5AAD00E7F8F6 /* NewsAllViewController.xib */,
				C1679831245A5AC200E7F8F6 /* NewsFollowingViewController.swift */,
				C1679832245A5AC200E7F8F6 /* NewsFollowingViewController.xib */,
			);
			path = News;
			sourceTree = "<group>";
		};
		C1818376245BC19C0049A62D /* MyInfo */ = {
			isa = PBXGroup;
			children = (
				C16600FE24594D9B00E3800D /* MyInfoViewController.swift */,
				C16600FF24594D9B00E3800D /* MyInfoViewController.xib */,
				C18D8C28245CF0BD00E495AA /* EventViewController.swift */,
				C18D8C29245CF0BD00E495AA /* EventViewController.xib */,
				C18D8C2C245CFADF00E495AA /* FirstEventViewController.swift */,
				C18D8C2D245CFADF00E495AA /* FirstEventViewController.xib */,
				C18D8C30245CFAF300E495AA /* SecondEventViewController.swift */,
				C18D8C31245CFAF300E495AA /* SecondEventViewController.xib */,
				C18D8C34245CFB0500E495AA /* ThirdEventViewController.swift */,
				C18D8C35245CFB0500E495AA /* ThirdEventViewController.xib */,
				C18D8C38245CFB1700E495AA /* FourthEventViewController.swift */,
				C18D8C39245CFB1700E495AA /* FourthEventViewController.xib */,
				C18D8C3C245CFB2800E495AA /* FifthEventViewController.swift */,
				C18D8C3D245CFB2800E495AA /* FifthEventViewController.xib */,
				C18D8C40245CFB4100E495AA /* SixthEventViewController.swift */,
				C18D8C41245CFB4100E495AA /* SixthEventViewController.xib */,
			);
			path = MyInfo;
			sourceTree = "<group>";
		};
		C1818377245BD6500049A62D /* Entity */ = {
			isa = PBXGroup;
			children = (
				C181837E245C19A90049A62D /* EmailLoginResponse.swift */,
				C181837A245BD6870049A62D /* SignUpByEmailResponse.swift */,
			);
			path = Entity;
			sourceTree = "<group>";
		};
		C1A3E30A245527D000740325 /* MyInfo */ = {
			isa = PBXGroup;
			children = (
				C185CAAC2458682A00DBB6C3 /* fivew.swift */,
				C185CAAD2458682A00DBB6C3 /* five.xib */,
			);
			path = MyInfo;
			sourceTree = "<group>";
		};
		C1A3E30B245527D900740325 /* SecondMain */ = {
			isa = PBXGroup;
			children = (
				C1A3E30D2455290E00740325 /* SecondMainViewController.swift */,
				C1A3E30E2455290E00740325 /* SecondMainViewController.xib */,
				C1A3E3192455AAEB00740325 /* MenuBar.swift */,
			);
			path = SecondMain;
			sourceTree = "<group>";
		};
		C1A3E30C245527DC00740325 /* ThreeMain */ = {
			isa = PBXGroup;
			children = (
				C1A3E3112455292000740325 /* ThreeMainViewController.swift */,
				C1A3E3122455292000740325 /* ThreeMainViewController.xib */,
			);
			path = ThreeMain;
			sourceTree = "<group>";
		};
		C1B4A8372452A642005608F9 /* Login */ = {
			isa = PBXGroup;
			children = (
				C1818377245BD6500049A62D /* Entity */,
				C1B4A8382452A87E005608F9 /* DataManager */,
				C1B4A8392452A8C0005608F9 /* LoginViewController.swift */,
				C1B4A83A2452A8C0005608F9 /* LoginViewController.xib */,
				C1B4A8412452C85E005608F9 /* KakaoOpenSDK-Bridging-Header.h */,
				C166010A24597F6200E3800D /* EmailLoginViewController.swift */,
				C166010B24597F6200E3800D /* EmailLoginViewController.xib */,
				C1A1F99A2459D32800C4862E /* LostPasswordViewController.swift */,
				C1A1F99B2459D32800C4862E /* LostPasswordViewController.xib */,
				C1A1F99E2459D3B200C4862E /* SignUpByEmailViewController.swift */,
				C1A1F99F2459D3B200C4862E /* SignUpByEmailViewController.xib */,
			);
			path = Login;
			sourceTree = "<group>";
		};
		C1B4A8382452A87E005608F9 /* DataManager */ = {
			isa = PBXGroup;
			children = (
				C181837C245C19930049A62D /* EmailLoginDataManager.swift */,
				C1818378245BD6780049A62D /* SignUpByEmailDataManager.swift */,
			);
			path = DataManager;
			sourceTree = "<group>";
		};
		C1B4A84424530845005608F9 /* LocationAgree */ = {
			isa = PBXGroup;
			children = (
				C1B4A845245308F8005608F9 /* LocationAgreeViewController.swift */,
				C1B4A846245308F8005608F9 /* LocationAgreeViewController.xib */,
			);
			path = LocationAgree;
			sourceTree = "<group>";
		};
/* End PBXGroup section */

/* Begin PBXNativeTarget section */
		BDEF322A22F9B7CB00FEF8BD /* ios */ = {
			isa = PBXNativeTarget;
			buildConfigurationList = BDEF325622F9B7CC00FEF8BD /* Build configuration list for PBXNativeTarget "ios" */;
			buildPhases = (
				CA7E1F2F9E66AD8729AB40D3 /* [CP] Check Pods Manifest.lock */,
				BDEF322722F9B7CB00FEF8BD /* Sources */,
				BDEF322822F9B7CB00FEF8BD /* Frameworks */,
				BDEF322922F9B7CB00FEF8BD /* Resources */,
				EB3A8A62B259469F3BDFE0AA /* [CP] Embed Pods Frameworks */,
				C1B4A8402452C7D4005608F9 /* Embed Frameworks */,
			);
			buildRules = (
			);
			dependencies = (
			);
			name = ios;
			productName = ios;
			productReference = BDEF322B22F9B7CB00FEF8BD /* ios.app */;
			productType = "com.apple.product-type.application";
		};
/* End PBXNativeTarget section */

/* Begin PBXProject section */
		BDEF322322F9B7CB00FEF8BD /* Project object */ = {
			isa = PBXProject;
			attributes = {
				LastSwiftUpdateCheck = 1030;
				LastUpgradeCheck = 1030;
				ORGANIZATIONNAME = "Jerry Jung";
				TargetAttributes = {
					BDEF322A22F9B7CB00FEF8BD = {
						CreatedOnToolsVersion = 10.3;
					};
				};
			};
			buildConfigurationList = BDEF322622F9B7CB00FEF8BD /* Build configuration list for PBXProject "ios" */;
			compatibilityVersion = "Xcode 9.3";
			developmentRegion = en;
			hasScannedForEncodings = 0;
			knownRegions = (
				en,
				Base,
			);
			mainGroup = BDEF322222F9B7CA00FEF8BD;
			productRefGroup = BDEF322C22F9B7CB00FEF8BD /* Products */;
			projectDirPath = "";
			projectRoot = "";
			targets = (
				BDEF322A22F9B7CB00FEF8BD /* ios */,
			);
		};
/* End PBXProject section */

/* Begin PBXResourcesBuildPhase section */
		BDEF322922F9B7CB00FEF8BD /* Resources */ = {
			isa = PBXResourcesBuildPhase;
			buildActionMask = 2147483647;
			files = (
				C1818385245C62E30049A62D /* LocationPopUp.storyboard in Resources */,
				C18D8C3B245CFB1700E495AA /* FourthEventViewController.xib in Resources */,
				C1679848245AA6AE00E7F8F6 /* LocationPopUpViewController.xib in Resources */,
				BDEF323C22F9B7CB00FEF8BD /* LaunchScreen.storyboard in Resources */,
				C12E0065245416D000EE949F /* FourthMainViewController.xib in Resources */,
				C16600F924594C1900E3800D /* PlusViewController.xib in Resources */,
				C16601052459650200E3800D /* EatDealViewController.xib in Resources */,
				C18D8C2F245CFADF00E495AA /* FirstEventViewController.xib in Resources */,
				C16600FD24594C3900E3800D /* NewsViewController.xib in Resources */,
				C18D8C2B245CF0BD00E495AA /* EventViewController.xib in Resources */,
				C1679858245AA7EA00E7F8F6 /* GangBukGuViewController.xib in Resources */,
				C16600F524594BE900E3800D /* MangoPickViewController.xib in Resources */,
				C1818371245BC09B0049A62D /* FindingFriendsViewController.xib in Resources */,
				C1679860245B028E00E7F8F6 /* RadiusPopUp.storyboard in Resources */,
				C1A1F9A12459D3B200C4862E /* SignUpByEmailViewController.xib in Resources */,
				C167984C245AA79800E7F8F6 /* RecentRegionViewController.xib in Resources */,
				BDEF323922F9B7CB00FEF8BD /* Assets.xcassets in Resources */,
				C1B4A83C2452A8C0005608F9 /* LoginViewController.xib in Resources */,
				C1818369245BC0570049A62D /* SearchViewController.xib in Resources */,
				C1A3E3142455292000740325 /* ThreeMainViewController.xib in Resources */,
				BD9BF18422F9D1A4009E47EB /* SplashViewController.xib in Resources */,
				C1679840245A9C4F00E7F8F6 /* HaveBeenThereViewController.xib in Resources */,
				C1679850245AA7BA00E7F8F6 /* NearViewController.xib in Resources */,
				C181836D245BC0830049A62D /* RecentSearchesViewController.xib in Resources */,
				C1A3E3102455290E00740325 /* SecondMainViewController.xib in Resources */,
				C185CAAF2458682A00DBB6C3 /* five.xib in Resources */,
				C18D8C37245CFB0500E495AA /* ThirdEventViewController.xib in Resources */,
				C167983C245A823E00E7F8F6 /* AlignPopUp.storyboard in Resources */,
				C18D8C33245CFAF300E495AA /* SecondEventViewController.xib in Resources */,
				C1679834245A5AC200E7F8F6 /* NewsFollowingViewController.xib in Resources */,
				C1679866245B02B600E7F8F6 /* FilterPopUp.storyboard in Resources */,
				C18D8C3F245CFB2800E495AA /* FifthEventViewController.xib in Resources */,
				C16601092459651300E3800D /* TopListViewController.xib in Resources */,
				C1679830245A5AAD00E7F8F6 /* NewsAllViewController.xib in Resources */,
				C166010D24597F6200E3800D /* EmailLoginViewController.xib in Resources */,
				C12E006F24542C7A00EE949F /* customTabBarCollectionViewCell.xib in Resources */,
				BD9BF18822F9DCC7009E47EB /* MainViewController.xib in Resources */,
				C1679854245AA7D800E7F8F6 /* GangNamGuViewController.xib in Resources */,
				C166010124594D9B00E3800D /* MyInfoViewController.xib in Resources */,
				BD75ABDC2301B7B500E0FC7A /* NoticePopUp.storyboard in Resources */,
				C1B4A848245308F8005608F9 /* LocationAgreeViewController.xib in Resources */,
				C1679844245A9C7100E7F8F6 /* RestaurantRegistrationViewController.xib in Resources */,
				C1A1F99D2459D32800C4862E /* LostPasswordViewController.xib in Resources */,
				C16600F124594BBB00E3800D /* FindingGoodRestaurantViewController.xib in Resources */,
				C18D8C43245CFB4100E495AA /* SixthEventViewController.xib in Resources */,
			);
			runOnlyForDeploymentPostprocessing = 0;
		};
/* End PBXResourcesBuildPhase section */

/* Begin PBXShellScriptBuildPhase section */
		CA7E1F2F9E66AD8729AB40D3 /* [CP] Check Pods Manifest.lock */ = {
			isa = PBXShellScriptBuildPhase;
			buildActionMask = 2147483647;
			files = (
			);
			inputFileListPaths = (
			);
			inputPaths = (
				"${PODS_PODFILE_DIR_PATH}/Podfile.lock",
				"${PODS_ROOT}/Manifest.lock",
			);
			name = "[CP] Check Pods Manifest.lock";
			outputFileListPaths = (
			);
			outputPaths = (
				"$(DERIVED_FILE_DIR)/Pods-ios-checkManifestLockResult.txt",
			);
			runOnlyForDeploymentPostprocessing = 0;
			shellPath = /bin/sh;
			shellScript = "diff \"${PODS_PODFILE_DIR_PATH}/Podfile.lock\" \"${PODS_ROOT}/Manifest.lock\" > /dev/null\nif [ $? != 0 ] ; then\n    # print error to STDERR\n    echo \"error: The sandbox is not in sync with the Podfile.lock. Run 'pod install' or update your CocoaPods installation.\" >&2\n    exit 1\nfi\n# This output is used by Xcode 'outputs' to avoid re-running this script phase.\necho \"SUCCESS\" > \"${SCRIPT_OUTPUT_FILE_0}\"\n";
			showEnvVarsInLog = 0;
		};
		EB3A8A62B259469F3BDFE0AA /* [CP] Embed Pods Frameworks */ = {
			isa = PBXShellScriptBuildPhase;
			buildActionMask = 2147483647;
			files = (
			);
			inputFileListPaths = (
				"${PODS_ROOT}/Target Support Files/Pods-ios/Pods-ios-frameworks-${CONFIGURATION}-input-files.xcfilelist",
			);
			name = "[CP] Embed Pods Frameworks";
			outputFileListPaths = (
				"${PODS_ROOT}/Target Support Files/Pods-ios/Pods-ios-frameworks-${CONFIGURATION}-output-files.xcfilelist",
			);
			runOnlyForDeploymentPostprocessing = 0;
			shellPath = /bin/sh;
			shellScript = "\"${PODS_ROOT}/Target Support Files/Pods-ios/Pods-ios-frameworks.sh\"\n";
			showEnvVarsInLog = 0;
		};
/* End PBXShellScriptBuildPhase section */

/* Begin PBXSourcesBuildPhase section */
		BDEF322722F9B7CB00FEF8BD /* Sources */ = {
			isa = PBXSourcesBuildPhase;
			buildActionMask = 2147483647;
			files = (
				C16600F824594C1900E3800D /* PlusViewController.swift in Sources */,
				C1A3E3132455292000740325 /* ThreeMainViewController.swift in Sources */,
				C18D8C2E245CFADF00E495AA /* FirstEventViewController.swift in Sources */,
				C167984F245AA7BA00E7F8F6 /* NearViewController.swift in Sources */,
				BDEF323722F9B7CB00FEF8BD /* ios.xcdatamodeld in Sources */,
				C16600FC24594C3900E3800D /* NewsViewController.swift in Sources */,
				BD9BF18722F9DCC7009E47EB /* MainViewController.swift in Sources */,
				C16601042459650200E3800D /* EatDealViewController.swift in Sources */,
				C167984B245AA79800E7F8F6 /* RecentRegionViewController.swift in Sources */,
				C1679853245AA7D800E7F8F6 /* GangNamGuViewController.swift in Sources */,
				BD9BF17822F9C6CF009E47EB /* UIColor.swift in Sources */,
				C1A1F99C2459D32800C4862E /* LostPasswordViewController.swift in Sources */,
				C1679843245A9C7100E7F8F6 /* RestaurantRegistrationViewController.swift in Sources */,
				BD9BF18022F9CDEF009E47EB /* String.swift in Sources */,
				BD9BF17E22F9CD60009E47EB /* ColorPalette.swift in Sources */,
				BD9BF17322F9C3D5009E47EB /* BaseViewController.swift in Sources */,
				C18059D824581052005FB4EC /* RestaurantsResponse.swift in Sources */,
				C181837B245BD6870049A62D /* SignUpByEmailResponse.swift in Sources */,
				C16600F424594BE900E3800D /* MangoPickViewController.swift in Sources */,
				C167983A245A823300E7F8F6 /* AlignPopUpDelegate.swift in Sources */,
				C181837D245C19930049A62D /* EmailLoginDataManager.swift in Sources */,
				C18D8C42245CFB4100E495AA /* SixthEventViewController.swift in Sources */,
				C167985E245B027D00E7F8F6 /* RadiusPopUpDelegate.swift in Sources */,
				C12E006E24542C7A00EE949F /* customTabBarCollectionViewCell.swift in Sources */,
				C18D8C36245CFB0500E495AA /* ThirdEventViewController.swift in Sources */,
				C18D8C45245D013300E495AA /* EventResponse.swift in Sources */,
				C181836C245BC0830049A62D /* RecentSearchesViewController.swift in Sources */,
				C18D8C2A245CF0BD00E495AA /* EventViewController.swift in Sources */,
				C1818379245BD6780049A62D /* SignUpByEmailDataManager.swift in Sources */,
				C1679862245B02A200E7F8F6 /* FilterPopUp.swift in Sources */,
				C1818363245BB02B0049A62D /* FindingGoodRestaurantDataManager.swift in Sources */,
				C1818365245BB0CB0049A62D /* LocationResponse.swift in Sources */,
				C1679864245B02AD00E7F8F6 /* FilterPopUpDelegate.swift in Sources */,
				BD75ABDE2301BCE600E0FC7A /* MainDataManager.swift in Sources */,
				BD75ABDA2301B73400E0FC7A /* NoticePopUpDelegate.swift in Sources */,
				C1818383245C62DA0049A62D /* LocationPopUpDelegate.swift in Sources */,
				C1A3E30F2455290E00740325 /* SecondMainViewController.swift in Sources */,
				C1B4A847245308F8005608F9 /* LocationAgreeViewController.swift in Sources */,
				C18D8C3A245CFB1700E495AA /* FourthEventViewController.swift in Sources */,
				BD9BF17522F9C494009E47EB /* CusomIndicatorView.swift in Sources */,
				C167983F245A9C4F00E7F8F6 /* HaveBeenThereViewController.swift in Sources */,
				C1818368245BC0570049A62D /* SearchViewController.swift in Sources */,
				BD9BF17A22F9C6FF009E47EB /* UIButton.swift in Sources */,
				C1A1F9A02459D3B200C4862E /* SignUpByEmailViewController.swift in Sources */,
				BD9BF17C22F9C737009E47EB /* UIViewController.swift in Sources */,
				BD75ABE02301BE8200E0FC7A /* TutorialResponse.swift in Sources */,
				C166010024594D9B00E3800D /* MyInfoViewController.swift in Sources */,
				C185CAAE2458682A00DBB6C3 /* fivew.swift in Sources */,
				C18059D624580AEB005FB4EC /* TestResponse.swift in Sources */,
				C1818381245C62C80049A62D /* LocationPopUp.swift in Sources */,
				C1A3E31A2455AAEB00740325 /* MenuBar.swift in Sources */,
				C1679833245A5AC200E7F8F6 /* NewsFollowingViewController.swift in Sources */,
				C167982F245A5AAD00E7F8F6 /* NewsAllViewController.swift in Sources */,
				C1B4A83B2452A8C0005608F9 /* LoginViewController.swift in Sources */,
				BDEF322F22F9B7CB00FEF8BD /* AppDelegate.swift in Sources */,
				C16601082459651300E3800D /* TopListViewController.swift in Sources */,
				C181837F245C19A90049A62D /* EmailLoginResponse.swift in Sources */,
				C18D8C47245D014C00E495AA /* EventDataManager.swift in Sources */,
				C1679838245A822800E7F8F6 /* AlignPopUp.swift in Sources */,
				C1818370245BC09B0049A62D /* FindingFriendsViewController.swift in Sources */,
				C16600ED24594B3C00E3800D /* MainTabViewController.swift in Sources */,
				C167985C245B026700E7F8F6 /* RadiusPopUp.swift in Sources */,
				C18D8C32245CFAF300E495AA /* SecondEventViewController.swift in Sources */,
				C166010C24597F6200E3800D /* EmailLoginViewController.swift in Sources */,
				C16600F024594BBB00E3800D /* FindingGoodRestaurantViewController.swift in Sources */,
				C12E0064245416D000EE949F /* FourthMainViewController.swift in Sources */,
				C1679857245AA7EA00E7F8F6 /* GangBukGuViewController.swift in Sources */,
				C1679847245AA6AE00E7F8F6 /* LocationPopUpViewController.swift in Sources */,
				BD75ABD82301B5F600E0FC7A /* NoticePopUp.swift in Sources */,
				BD9BF18322F9D1A4009E47EB /* SplashViewController.swift in Sources */,
				C18D8C3E245CFB2800E495AA /* FifthEventViewController.swift in Sources */,
			);
			runOnlyForDeploymentPostprocessing = 0;
		};
/* End PBXSourcesBuildPhase section */

/* Begin PBXVariantGroup section */
		BDEF323A22F9B7CB00FEF8BD /* LaunchScreen.storyboard */ = {
			isa = PBXVariantGroup;
			children = (
				BDEF323B22F9B7CB00FEF8BD /* Base */,
			);
			name = LaunchScreen.storyboard;
			sourceTree = "<group>";
		};
/* End PBXVariantGroup section */

/* Begin XCBuildConfiguration section */
		BDEF325422F9B7CC00FEF8BD /* Debug */ = {
			isa = XCBuildConfiguration;
			buildSettings = {
				ALWAYS_SEARCH_USER_PATHS = NO;
				CLANG_ANALYZER_NONNULL = YES;
				CLANG_ANALYZER_NUMBER_OBJECT_CONVERSION = YES_AGGRESSIVE;
				CLANG_CXX_LANGUAGE_STANDARD = "gnu++14";
				CLANG_CXX_LIBRARY = "libc++";
				CLANG_ENABLE_MODULES = YES;
				CLANG_ENABLE_OBJC_ARC = YES;
				CLANG_ENABLE_OBJC_WEAK = YES;
				CLANG_WARN_BLOCK_CAPTURE_AUTORELEASING = YES;
				CLANG_WARN_BOOL_CONVERSION = YES;
				CLANG_WARN_COMMA = YES;
				CLANG_WARN_CONSTANT_CONVERSION = YES;
				CLANG_WARN_DEPRECATED_OBJC_IMPLEMENTATIONS = YES;
				CLANG_WARN_DIRECT_OBJC_ISA_USAGE = YES_ERROR;
				CLANG_WARN_DOCUMENTATION_COMMENTS = YES;
				CLANG_WARN_EMPTY_BODY = YES;
				CLANG_WARN_ENUM_CONVERSION = YES;
				CLANG_WARN_INFINITE_RECURSION = YES;
				CLANG_WARN_INT_CONVERSION = YES;
				CLANG_WARN_NON_LITERAL_NULL_CONVERSION = YES;
				CLANG_WARN_OBJC_IMPLICIT_RETAIN_SELF = YES;
				CLANG_WARN_OBJC_LITERAL_CONVERSION = YES;
				CLANG_WARN_OBJC_ROOT_CLASS = YES_ERROR;
				CLANG_WARN_RANGE_LOOP_ANALYSIS = YES;
				CLANG_WARN_STRICT_PROTOTYPES = YES;
				CLANG_WARN_SUSPICIOUS_MOVE = YES;
				CLANG_WARN_UNGUARDED_AVAILABILITY = YES_AGGRESSIVE;
				CLANG_WARN_UNREACHABLE_CODE = YES;
				CLANG_WARN__DUPLICATE_METHOD_MATCH = YES;
				CODE_SIGN_IDENTITY = "iPhone Developer";
				COPY_PHASE_STRIP = NO;
				DEBUG_INFORMATION_FORMAT = dwarf;
				ENABLE_STRICT_OBJC_MSGSEND = YES;
				ENABLE_TESTABILITY = YES;
				GCC_C_LANGUAGE_STANDARD = gnu11;
				GCC_DYNAMIC_NO_PIC = NO;
				GCC_NO_COMMON_BLOCKS = YES;
				GCC_OPTIMIZATION_LEVEL = 0;
				GCC_PREPROCESSOR_DEFINITIONS = (
					"DEBUG=1",
					"$(inherited)",
				);
				GCC_WARN_64_TO_32_BIT_CONVERSION = YES;
				GCC_WARN_ABOUT_RETURN_TYPE = YES_ERROR;
				GCC_WARN_UNDECLARED_SELECTOR = YES;
				GCC_WARN_UNINITIALIZED_AUTOS = YES_AGGRESSIVE;
				GCC_WARN_UNUSED_FUNCTION = YES;
				GCC_WARN_UNUSED_VARIABLE = YES;
				IPHONEOS_DEPLOYMENT_TARGET = 12.4;
				MTL_ENABLE_DEBUG_INFO = INCLUDE_SOURCE;
				MTL_FAST_MATH = YES;
				ONLY_ACTIVE_ARCH = YES;
				SDKROOT = iphoneos;
				SWIFT_ACTIVE_COMPILATION_CONDITIONS = DEBUG;
				SWIFT_OPTIMIZATION_LEVEL = "-Onone";
			};
			name = Debug;
		};
		BDEF325522F9B7CC00FEF8BD /* Release */ = {
			isa = XCBuildConfiguration;
			buildSettings = {
				ALWAYS_SEARCH_USER_PATHS = NO;
				CLANG_ANALYZER_NONNULL = YES;
				CLANG_ANALYZER_NUMBER_OBJECT_CONVERSION = YES_AGGRESSIVE;
				CLANG_CXX_LANGUAGE_STANDARD = "gnu++14";
				CLANG_CXX_LIBRARY = "libc++";
				CLANG_ENABLE_MODULES = YES;
				CLANG_ENABLE_OBJC_ARC = YES;
				CLANG_ENABLE_OBJC_WEAK = YES;
				CLANG_WARN_BLOCK_CAPTURE_AUTORELEASING = YES;
				CLANG_WARN_BOOL_CONVERSION = YES;
				CLANG_WARN_COMMA = YES;
				CLANG_WARN_CONSTANT_CONVERSION = YES;
				CLANG_WARN_DEPRECATED_OBJC_IMPLEMENTATIONS = YES;
				CLANG_WARN_DIRECT_OBJC_ISA_USAGE = YES_ERROR;
				CLANG_WARN_DOCUMENTATION_COMMENTS = YES;
				CLANG_WARN_EMPTY_BODY = YES;
				CLANG_WARN_ENUM_CONVERSION = YES;
				CLANG_WARN_INFINITE_RECURSION = YES;
				CLANG_WARN_INT_CONVERSION = YES;
				CLANG_WARN_NON_LITERAL_NULL_CONVERSION = YES;
				CLANG_WARN_OBJC_IMPLICIT_RETAIN_SELF = YES;
				CLANG_WARN_OBJC_LITERAL_CONVERSION = YES;
				CLANG_WARN_OBJC_ROOT_CLASS = YES_ERROR;
				CLANG_WARN_RANGE_LOOP_ANALYSIS = YES;
				CLANG_WARN_STRICT_PROTOTYPES = YES;
				CLANG_WARN_SUSPICIOUS_MOVE = YES;
				CLANG_WARN_UNGUARDED_AVAILABILITY = YES_AGGRESSIVE;
				CLANG_WARN_UNREACHABLE_CODE = YES;
				CLANG_WARN__DUPLICATE_METHOD_MATCH = YES;
				CODE_SIGN_IDENTITY = "iPhone Developer";
				COPY_PHASE_STRIP = NO;
				DEBUG_INFORMATION_FORMAT = "dwarf-with-dsym";
				ENABLE_NS_ASSERTIONS = NO;
				ENABLE_STRICT_OBJC_MSGSEND = YES;
				GCC_C_LANGUAGE_STANDARD = gnu11;
				GCC_NO_COMMON_BLOCKS = YES;
				GCC_WARN_64_TO_32_BIT_CONVERSION = YES;
				GCC_WARN_ABOUT_RETURN_TYPE = YES_ERROR;
				GCC_WARN_UNDECLARED_SELECTOR = YES;
				GCC_WARN_UNINITIALIZED_AUTOS = YES_AGGRESSIVE;
				GCC_WARN_UNUSED_FUNCTION = YES;
				GCC_WARN_UNUSED_VARIABLE = YES;
				IPHONEOS_DEPLOYMENT_TARGET = 12.4;
				MTL_ENABLE_DEBUG_INFO = NO;
				MTL_FAST_MATH = YES;
				SDKROOT = iphoneos;
				SWIFT_COMPILATION_MODE = wholemodule;
				SWIFT_OPTIMIZATION_LEVEL = "-O";
				VALIDATE_PRODUCT = YES;
			};
			name = Release;
		};
		BDEF325722F9B7CC00FEF8BD /* Debug */ = {
			isa = XCBuildConfiguration;
			baseConfigurationReference = D52E2D8320870120DBBF4DF3 /* Pods-ios.debug.xcconfig */;
			buildSettings = {
				ASSETCATALOG_COMPILER_APPICON_NAME = AppIcon;
				CODE_SIGN_STYLE = Automatic;
				DEVELOPMENT_TEAM = 69F5355JYF;
				FRAMEWORK_SEARCH_PATHS = (
					"$(inherited)",
					"$(PROJECT_DIR)",
				);
				INFOPLIST_FILE = ios/Info.plist;
				IPHONEOS_DEPLOYMENT_TARGET = 12.4;
				LD_RUNPATH_SEARCH_PATHS = (
					"$(inherited)",
					"@executable_path/Frameworks",
				);
				OTHER_LDFLAGS = "-all_load";
				PRODUCT_BUNDLE_IDENTIFIER = kr.co.eunjoyer.mangoplate;
				PRODUCT_NAME = "$(TARGET_NAME)";
				SWIFT_OBJC_BRIDGING_HEADER = "./ios/Login/KakaoOpenSDK-Bridging-Header.h";
				SWIFT_VERSION = 5.0;
				TARGETED_DEVICE_FAMILY = "1,2";
			};
			name = Debug;
		};
		BDEF325822F9B7CC00FEF8BD /* Release */ = {
			isa = XCBuildConfiguration;
			baseConfigurationReference = 56DE891A8DE4AEB4ED1D1105 /* Pods-ios.release.xcconfig */;
			buildSettings = {
				ASSETCATALOG_COMPILER_APPICON_NAME = AppIcon;
				CODE_SIGN_STYLE = Automatic;
				DEVELOPMENT_TEAM = 69F5355JYF;
				FRAMEWORK_SEARCH_PATHS = (
					"$(inherited)",
					"$(PROJECT_DIR)",
				);
				INFOPLIST_FILE = ios/Info.plist;
				IPHONEOS_DEPLOYMENT_TARGET = 12.4;
				LD_RUNPATH_SEARCH_PATHS = (
					"$(inherited)",
					"@executable_path/Frameworks",
				);
				OTHER_LDFLAGS = "-all_load";
				PRODUCT_BUNDLE_IDENTIFIER = kr.co.eunjoyer.mangoplate;
				PRODUCT_NAME = "$(TARGET_NAME)";
				SWIFT_OBJC_BRIDGING_HEADER = "./ios/Login/KakaoOpenSDK-Bridging-Header.h";
				SWIFT_VERSION = 5.0;
				TARGETED_DEVICE_FAMILY = "1,2";
			};
			name = Release;
		};
/* End XCBuildConfiguration section */

/* Begin XCConfigurationList section */
		BDEF322622F9B7CB00FEF8BD /* Build configuration list for PBXProject "ios" */ = {
			isa = XCConfigurationList;
			buildConfigurations = (
				BDEF325422F9B7CC00FEF8BD /* Debug */,
				BDEF325522F9B7CC00FEF8BD /* Release */,
			);
			defaultConfigurationIsVisible = 0;
			defaultConfigurationName = Release;
		};
		BDEF325622F9B7CC00FEF8BD /* Build configuration list for PBXNativeTarget "ios" */ = {
			isa = XCConfigurationList;
			buildConfigurations = (
				BDEF325722F9B7CC00FEF8BD /* Debug */,
				BDEF325822F9B7CC00FEF8BD /* Release */,
			);
			defaultConfigurationIsVisible = 0;
			defaultConfigurationName = Release;
		};
/* End XCConfigurationList section */

/* Begin XCVersionGroup section */
		BDEF323522F9B7CB00FEF8BD /* ios.xcdatamodeld */ = {
			isa = XCVersionGroup;
			children = (
				BDEF323622F9B7CB00FEF8BD /* ios.xcdatamodel */,
			);
			currentVersion = BDEF323622F9B7CB00FEF8BD /* ios.xcdatamodel */;
			path = ios.xcdatamodeld;
			sourceTree = "<group>";
			versionGroupType = wrapper.xcdatamodel;
		};
/* End XCVersionGroup section */
	};
	rootObject = BDEF322322F9B7CB00FEF8BD /* Project object */;
}
